{
    "version": 3,
    "terraform_version": "0.11.8",
    "serial": 7,
    "lineage": "ddf0c558-578b-0d15-26fa-8cde568a203c",
    "modules": [
        {
            "path": [
                "root"
            ],
            "outputs": {
                "name": {
                    "sensitive": false,
                    "type": "string",
                    "value": "gke-devops-cluster-01"
                }
            },
            "resources": {
                "google_container_cluster.primary": {
                    "type": "google_container_cluster",
                    "depends_on": [],
                    "primary": {
                        "id": "gke-devops-cluster-01",
                        "attributes": {
                            "additional_zones.#": "0",
                            "addons_config.#": "1",
                            "addons_config.0.horizontal_pod_autoscaling.#": "0",
                            "addons_config.0.http_load_balancing.#": "0",
                            "addons_config.0.kubernetes_dashboard.#": "1",
                            "addons_config.0.kubernetes_dashboard.0.disabled": "true",
                            "addons_config.0.network_policy_config.#": "1",
                            "addons_config.0.network_policy_config.0.disabled": "true",
                            "cluster_autoscaling.#": "0",
                            "cluster_ipv4_cidr": "10.4.0.0/14",
                            "description": "",
                            "enable_binary_authorization": "false",
                            "enable_kubernetes_alpha": "false",
                            "enable_legacy_abac": "false",
                            "enable_tpu": "false",
                            "endpoint": "35.242.168.176",
                            "id": "gke-devops-cluster-01",
                            "initial_node_count": "3",
                            "instance_group_urls.#": "1",
                            "instance_group_urls.0": "https://www.googleapis.com/compute/v1/projects/sandbox-devops-2018/zones/europe-west2-b/instanceGroups/gke-gke-devops-cluster-0-default-pool-713fced7-grp",
                            "ip_allocation_policy.#": "0",
                            "logging_service": "logging.googleapis.com",
                            "maintenance_policy.#": "0",
                            "master_auth.#": "1",
                            "master_auth.0.client_certificate": "LS0tLS1CRUdJTiBDRVJUSUZJQ0FURS0tLS0tCk1JSUMyakNDQWNLZ0F3SUJBZ0lRVzkrTU05OU9GV3Z3dzFLUWN6Z1g0ekFOQmdrcWhraUc5dzBCQVFzRkFEQXYKTVMwd0t3WURWUVFERXlRME5UQm1Nak0yTUMxbVkyTTVMVFJrT1RBdFlURmxaaTAwWlRkaE5EWTVNVEk0T1RRdwpIaGNOTVRrd01URTNNakF5TURVMldoY05NalF3TVRFMk1qQXlNRFUyV2pBUk1ROHdEUVlEVlFRREV3WmpiR2xsCmJuUXdnZ0VpTUEwR0NTcUdTSWIzRFFFQkFRVUFBNElCRHdBd2dnRUtBb0lCQVFEeG1HSUh1VmlqTTlYKzhDbkwKM1pkT1U4eEVtMWp1VjI5REl2S1dTSGpuNTRMM2ZBck0xUnArNGlMT2UvbnZ6TkdqTVFiMncvQUt2SEFVbnZpWgpkVE1BNnZENjBLK0RzdGlqdTltdENjUFFFOWVBWE8xamNRV29salM5bFV3US9lKzViZXpRaWZvNEV4Q1RTdnQ5Cnphc1EwbTFNckdlYmlJdHlaa1hudjNmRVpqZDR4V2w0aHJFenVJSDlHNFROTnFrdENMYy9lbWxzWFViNjBZclMKUkJkM05OV3oxRFB6OEdLV0s4ZHpmb2hHYW12KzhUV2Q1WFFJUHJnWTFCR3JJd2R0QlNLYk80Ni80N2toZzh3cQpzNjhOZDZlNGJEbDRWaHpsRTltZ29aQ2Q2ZFlNa0JoZmJQZWFEbDJRcjY5Y3RVL3JSY05JMStKYlM1T2RKeWMrCnBLUGpBZ01CQUFHakVEQU9NQXdHQTFVZEV3RUIvd1FDTUFBd0RRWUpLb1pJaHZjTkFRRUxCUUFEZ2dFQkFENXUKaW9YMHZmTWNlampVTmUrTFdBeEhaRDRKSUY4S0t0d2RzdjQ1OVkzMzVSbzdXYTlQOTgzNzBSRXhiayswVitZLwpCbVVlMnhYNVlrN2VsQ1pxMnpLUStCN2pWN20xalNsOUVpcnl6NWx0bGJyVVRWWkRwYk1aSE5oTXVnVUo4aWhGCmt4NWUwZVp3d2ZaK29waFREWXhjNkFybE5RVVk4R0c5eHh3cVVqQ2owNkdNSXdUdFNReWJOenp3OEF1aGtTSkwKWEkwOWVlVkUxZTNPMVRDcW9mTnJseHh3TndRMW9DWVA0NnZ1eWkrVVZ2akMrWks5d3V4ak12WlFQWEd0dHlOegpveUNxTU1yMlBXUW83VC9jWm55YnZDdVlJSzQ3UzFqbVZreDg5bXd2VFQ0dWM0VkJvTVh3M0dWa1ZvV1lmYXB6ClhJS2M2UkdhcUE1dmpVMkdKMjg9Ci0tLS0tRU5EIENFUlRJRklDQVRFLS0tLS0K",
                            "master_auth.0.client_certificate_config.#": "0",
                            "master_auth.0.client_key": "LS0tLS1CRUdJTiBSU0EgUFJJVkFURSBLRVktLS0tLQpNSUlFb3dJQkFBS0NBUUVBOFpoaUI3bFlvelBWL3ZBcHk5MlhUbFBNUkp0WTdsZHZReUx5bGtoNDUrZUM5M3dLCnpOVWFmdUlpem52NTc4elJvekVHOXNQd0NyeHdGSjc0bVhVekFPcncrdEN2ZzdMWW83dlpyUW5EMEJQWGdGenQKWTNFRnFKWTB2WlZNRVAzdnVXM3MwSW42T0JNUWswcjdmYzJyRU5KdFRLeG5tNGlMY21aRjU3OTN4R1kzZU1WcAplSWF4TTdpQi9SdUV6VGFwTFFpM1AzcHBiRjFHK3RHSzBrUVhkelRWczlRejgvQmlsaXZIYzM2SVJtcHIvdkUxCm5lVjBDRDY0R05RUnF5TUhiUVVpbXp1T3YrTzVJWVBNS3JPdkRYZW51R3c1ZUZZYzVSUFpvS0dRbmVuV0RKQVkKWDJ6M21nNWRrSyt2WExWUDYwWERTTmZpVzB1VG5TY25QcVNqNHdJREFRQUJBb0lCQUVTLzJjbWI1MHJOOGV3Ugp1THNnVERISWE5enNIaEw1QTVybHc0V2JpdmhuSzZBMGhyaENQajkwSjNaOTFpSjB0UVZNNnMvbTh4U0RDaHY4Ckh2OUFXQ3EvTUtNWEpwTUNIbDc5a2xTSTdsVjBpQU1wcm8zNU9DU0ExZkpMSFhIS2FXRHBsSlhGWmRSMkxHWFYKMVJvNElDRngyQk9WRGdpM0F3T2pjZW9nVkxzbzA3NWZIQ1dzSllRL3gyeElVN0FZbzFpaTZMQVZKeXRGYU1mcgpEWEpUMUxTMWJzYnp2MFZlaWp2a0JjTUt6MUp2MFBLM1E5ZnFxc1BlTS9pMWlBdGV0U0ZPeDduMVF5eUhpZis5ClFLUFhYN055eENabFNGZWc2a1RIMkxKQkZUT1F2bS9ORjk1aVA1QWpJajRoYm5rbHdhekNic1d5RXhXRklYem4Kcnd6VHRjVUNnWUVBK2ZiTWlFMCtwS0FYcFZ5Z2wwV0tEVGtRZDV1bHI2RzJKczRYbGpkdEZjV0llMG5YVDFwaApNNXJkRDhkLzQ2R0l1cHRDQzB2cmFNZWNlZ0oyNi9HMXFYNjloVXdWbERBdUhNa3RGUXRxY1ZTZjhEdWpNZk10ClpJcUNNaUFqTGRzbnJ6VklqcDR6dGVzVWZZQ2djUDVsUzV2K3FOMUYzdXZWQXkrZWtIcTE0V2NDZ1lFQTkyM1oKdldTUzB1bE94QU9Bcjh0VWFHQ1MwcWZBanJYem1yemYvTno4YlB1bkRFU3ZSV2FCTWNNbmI1SUQrbGc2aVBvWQpDNEgzUXdLOVUvTGI4anFyWXBXQWoyTUdhelVOMGNlMVpEZWQ2anNGc1pVb2gvVUxKMTRUR1hEVmxpcUFFZ0o5CnlOWk11cHI4cTVvS1FLSGNDbVc0UXJNMmxOMGxJdE1xVEtXU2NDVUNnWUJESXJnNGU1YXhuSlg5UWUyWDg0TnEKbmNNQWZQdDVPcE96eEhLdFUrR21rVkZnMjZwS2s5bTdoSUtQTkdQeS9YVzl1T2w2SXovcytuL2FmVUwzaUFuawpwamU4ejN5VU9vU0lFcmhiQ0ova0pIaDRpMnYvaEhMU3FDamowYUhoTlJWcGg0UWZXZnBGaUFnTzFUZENZZkZPCjUyejBhY25VWDc3c2hpT3VabWJuVFFLQmdRQ0ZGRmRsajErTkF5RnpPZk1RR2t1bTdESnNEUC83Z2crcExXZEgKeU5BWUNlNWFJZU1uYjYrVFJVVER0SVJoTk8wZTJXenZXNUxUUHZqMzJ3ckRxUnlmSkl3R0V4dlRzN0JnSVlzRgpnUWgxZ0JOYTVUL3NpRGJja0xPekhrWXl3MThvMEtBNDBsSm9sNDNJK2t3RFlVdEphRmFId1g1YzZPamRaemc4CkMxM001UUtCZ0h3L0lBbndCVklobGorQ1NEZHBWaVgzbEEzb0NwS2dITUw4ZXA1TXQ4V1lTdHdEaDVEeUlCZUMKR1VsYjM4WXJWbFZvWklFcitja0VReDMxSXBNN1RjS0dpNk1ZT0N2eHErWEpHMjlCMUJEMDFtTzhjdEE3WStScAo2Q1diVWdWZHhyOE5tYW4rTUFORWtpNHpTaWxnT3dYWDV2VkxheFo4ZVJkRjBQRnZZT2ZQCi0tLS0tRU5EIFJTQSBQUklWQVRFIEtFWS0tLS0tCg==",
                            "master_auth.0.cluster_ca_certificate": "LS0tLS1CRUdJTiBDRVJUSUZJQ0FURS0tLS0tCk1JSURDekNDQWZPZ0F3SUJBZ0lRSzV5L0p3S0FIRXJWU2J3VDZUeTJBVEFOQmdrcWhraUc5dzBCQVFzRkFEQXYKTVMwd0t3WURWUVFERXlRME5UQm1Nak0yTUMxbVkyTTVMVFJrT1RBdFlURmxaaTAwWlRkaE5EWTVNVEk0T1RRdwpIaGNOTVRrd01URTNNVGt5TURVMldoY05NalF3TVRFMk1qQXlNRFUyV2pBdk1TMHdLd1lEVlFRREV5UTBOVEJtCk1qTTJNQzFtWTJNNUxUUmtPVEF0WVRGbFppMDBaVGRoTkRZNU1USTRPVFF3Z2dFaU1BMEdDU3FHU0liM0RRRUIKQVFVQUE0SUJEd0F3Z2dFS0FvSUJBUURNZkRNWjgwaUtLb3VWZ0xSUmJscnpTcFJ1ZnlZenpxVURPSzlMaFBRdgo4K0RDNjVadEE5TGZsOXNnUFd6ajh2Z2lXRGZYQ1Q5clN2eTZBaHJsNnRpTnZGMjdTeC9qdHBDbGxheER3emVGCjhqcDQ2YkNLcnpqcUZNdmFFYmtZOFB0SDRMUGlzQ0tSd3lFSm5ORXhKb29OelZrb04vWUxBOUFteFQwZ3Y4S1cKaDkyWkg0V0NyQlNoTjhIQi9uYkJKWUNab0RDUGpubXNHVFBhemw4SExyV3pFcE5LRyswOFcyT1VVeGRJblh1bwpXWGxwQXowcW5tNFpzekNEZHhrb1crT1ZxMm83VkpsTG10cG1EUDNoVG54dDJJcjRoOHZMMmFSZjRldlZwblJHCmU1SXQySG12Y3hvelhPWkVrcDRBVFJDTmRJQzFwWHhiSXE4ZXpNYmp4dVp4QWdNQkFBR2pJekFoTUE0R0ExVWQKRHdFQi93UUVBd0lDQkRBUEJnTlZIUk1CQWY4RUJUQURBUUgvTUEwR0NTcUdTSWIzRFFFQkN3VUFBNElCQVFBaQo5RlR2TXZDdVhnTFZsYjVqM0JPQ0REaEpiOXdzVk1jaVY4bUZLRTFIM2JCd2JxME1lNS9CRXZBTXZXZUY4eXhMCkNSYlVGdkNTQjQ0TUR3TzA4TEhNWmQ0c0NwS2pCWEhmaWdRa0IvTW41TjYxMkgvVUUxYUh0N09VNWFsd0VWYzcKWkNlbTRKajZIUlFkbmYvb2dQTVd2a0JOSXpFZitlS1FkWitHaXAzSEdFQlJOS2g3SnFMcFdzNjJHZFYzR2FwVgp5am52bDV2YW11TG5kQnU1RXNzRmlFWElLa25TVXRaS0ZraDNibW1TbW5uSTkzNDgrRWJxM0pQM0xLTzVsZVhmCnVUTWZBYmxaYUx1SFpoMTJBakJIekdTVTN4emVnUVVOdmVPRkg3Q0d6R21haTRSME00bW1zS0QyK3VEVE5RemUKeFJhM21xanRWbjFISENseXM0ZHUKLS0tLS1FTkQgQ0VSVElGSUNBVEUtLS0tLQo=",
                            "master_auth.0.password": "Uoi13oX3G46Eoi7w",
                            "master_auth.0.username": "admin",
                            "master_authorized_networks_config.#": "0",
                            "master_ipv4_cidr_block": "",
                            "master_version": "1.10.9-gke.5",
                            "monitoring_service": "monitoring.googleapis.com",
                            "name": "gke-devops-cluster-01",
                            "network": "projects/sandbox-devops-2018/global/networks/default",
                            "network_policy.#": "1",
                            "network_policy.0.enabled": "false",
                            "network_policy.0.provider": "PROVIDER_UNSPECIFIED",
                            "node_config.#": "1",
                            "node_config.0.disk_size_gb": "100",
                            "node_config.0.disk_type": "pd-standard",
                            "node_config.0.guest_accelerator.#": "0",
                            "node_config.0.image_type": "COS",
                            "node_config.0.labels.%": "1",
                            "node_config.0.labels.project": "devops",
                            "node_config.0.local_ssd_count": "0",
                            "node_config.0.machine_type": "f1-micro",
                            "node_config.0.metadata.%": "0",
                            "node_config.0.min_cpu_platform": "",
                            "node_config.0.oauth_scopes.#": "4",
                            "node_config.0.oauth_scopes.1277378754": "https://www.googleapis.com/auth/monitoring",
                            "node_config.0.oauth_scopes.1632638332": "https://www.googleapis.com/auth/devstorage.read_only",
                            "node_config.0.oauth_scopes.172152165": "https://www.googleapis.com/auth/logging.write",
                            "node_config.0.oauth_scopes.299962681": "https://www.googleapis.com/auth/compute",
                            "node_config.0.preemptible": "false",
                            "node_config.0.service_account": "default",
                            "node_config.0.tags.#": "1",
                            "node_config.0.tags.0": "devops",
                            "node_config.0.taint.#": "0",
                            "node_config.0.workload_metadata_config.#": "0",
                            "node_pool.#": "1",
                            "node_pool.0.autoscaling.#": "0",
                            "node_pool.0.initial_node_count": "3",
                            "node_pool.0.instance_group_urls.#": "1",
                            "node_pool.0.instance_group_urls.0": "https://www.googleapis.com/compute/v1/projects/sandbox-devops-2018/zones/europe-west2-b/instanceGroupManagers/gke-gke-devops-cluster-0-default-pool-713fced7-grp",
                            "node_pool.0.management.#": "1",
                            "node_pool.0.management.0.auto_repair": "false",
                            "node_pool.0.management.0.auto_upgrade": "false",
                            "node_pool.0.max_pods_per_node": "0",
                            "node_pool.0.name": "default-pool",
                            "node_pool.0.name_prefix": "",
                            "node_pool.0.node_config.#": "1",
                            "node_pool.0.node_config.0.disk_size_gb": "100",
                            "node_pool.0.node_config.0.disk_type": "pd-standard",
                            "node_pool.0.node_config.0.guest_accelerator.#": "0",
                            "node_pool.0.node_config.0.image_type": "COS",
                            "node_pool.0.node_config.0.labels.%": "1",
                            "node_pool.0.node_config.0.labels.project": "devops",
                            "node_pool.0.node_config.0.local_ssd_count": "0",
                            "node_pool.0.node_config.0.machine_type": "f1-micro",
                            "node_pool.0.node_config.0.metadata.%": "0",
                            "node_pool.0.node_config.0.min_cpu_platform": "",
                            "node_pool.0.node_config.0.oauth_scopes.#": "4",
                            "node_pool.0.node_config.0.oauth_scopes.1277378754": "https://www.googleapis.com/auth/monitoring",
                            "node_pool.0.node_config.0.oauth_scopes.1632638332": "https://www.googleapis.com/auth/devstorage.read_only",
                            "node_pool.0.node_config.0.oauth_scopes.172152165": "https://www.googleapis.com/auth/logging.write",
                            "node_pool.0.node_config.0.oauth_scopes.299962681": "https://www.googleapis.com/auth/compute",
                            "node_pool.0.node_config.0.preemptible": "false",
                            "node_pool.0.node_config.0.service_account": "default",
                            "node_pool.0.node_config.0.tags.#": "1",
                            "node_pool.0.node_config.0.tags.0": "devops",
                            "node_pool.0.node_config.0.taint.#": "0",
                            "node_pool.0.node_config.0.workload_metadata_config.#": "0",
                            "node_pool.0.node_count": "3",
                            "node_pool.0.version": "1.10.9-gke.5",
                            "node_version": "1.10.9-gke.5",
                            "pod_security_policy_config.#": "0",
                            "private_cluster": "false",
                            "private_cluster_config.#": "0",
                            "project": "sandbox-devops-2018",
                            "resource_labels.%": "0",
                            "subnetwork": "projects/sandbox-devops-2018/regions/europe-west2/subnetworks/default",
                            "zone": "europe-west2-b"
                        },
                        "meta": {
                            "e2bfb730-ecaa-11e6-8f88-34363bc7c4c0": {
                                "create": 1800000000000,
                                "delete": 1800000000000,
                                "update": 600000000000
                            },
                            "schema_version": "1"
                        },
                        "tainted": false
                    },
                    "deposed": [],
                    "provider": "provider.google"
                }
            },
            "depends_on": []
        }
    ]
}
