{
    "version": 3,
    "terraform_version": "0.11.8",
    "serial": 5,
    "lineage": "1d242f64-3a3a-3857-2995-77aa2edf8b5c",
    "modules": [
        {
            "path": [
                "root"
            ],
            "outputs": {
                "name": {
                    "sensitive": false,
                    "type": "string",
                    "value": "gke-devops-cluster-01"
                },
                "projectId": {
                    "sensitive": false,
                    "type": "string",
                    "value": "sandbox-devops-2018"
                }
            },
            "resources": {
                "data.google_project.project": {
                    "type": "google_project",
                    "depends_on": [],
                    "primary": {
                        "id": "sandbox-devops-2018",
                        "attributes": {
                            "app_engine.#": "0",
                            "id": "sandbox-devops-2018",
                            "labels.%": "0",
                            "name": "sandbox-devops",
                            "number": "314462922776",
                            "project_id": "sandbox-devops-2018"
                        },
                        "meta": {},
                        "tainted": false
                    },
                    "deposed": [],
                    "provider": "provider.google"
                },
                "google_container_cluster.primary": {
                    "type": "google_container_cluster",
                    "depends_on": [
                        "local.default_name_prefix"
                    ],
                    "primary": {
                        "id": "gke-devops-cluster-01",
                        "attributes": {
                            "additional_zones.#": "0",
                            "addons_config.#": "1",
                            "addons_config.0.horizontal_pod_autoscaling.#": "0",
                            "addons_config.0.http_load_balancing.#": "0",
                            "addons_config.0.kubernetes_dashboard.#": "1",
                            "addons_config.0.kubernetes_dashboard.0.disabled": "true",
                            "addons_config.0.network_policy_config.#": "1",
                            "addons_config.0.network_policy_config.0.disabled": "true",
                            "cluster_autoscaling.#": "0",
                            "cluster_ipv4_cidr": "10.4.0.0/14",
                            "description": "",
                            "enable_binary_authorization": "false",
                            "enable_kubernetes_alpha": "false",
                            "enable_legacy_abac": "false",
                            "enable_tpu": "false",
                            "endpoint": "35.189.124.59",
                            "id": "gke-devops-cluster-01",
                            "initial_node_count": "3",
                            "instance_group_urls.#": "1",
                            "instance_group_urls.0": "https://www.googleapis.com/compute/v1/projects/sandbox-devops-2018/zones/europe-west2-b/instanceGroups/gke-gke-devops-cluster-0-default-pool-918a3411-grp",
                            "ip_allocation_policy.#": "0",
                            "logging_service": "logging.googleapis.com",
                            "maintenance_policy.#": "0",
                            "master_auth.#": "1",
                            "master_auth.0.client_certificate": "LS0tLS1CRUdJTiBDRVJUSUZJQ0FURS0tLS0tCk1JSUMyekNDQWNPZ0F3SUJBZ0lSQUp0VmtTWjhMUGlJMGhEdWU5WjFzRzR3RFFZSktvWklodmNOQVFFTEJRQXcKTHpFdE1Dc0dBMVVFQXhNa1ptTXhNbVkzTnpFdE1qRmpPUzAwWmpkbUxXSXdPV0V0WVdZMU1EWmhPRFUyWldSaQpNQjRYRFRFNU1ERXhPREF3TkRNME5Gb1hEVEkwTURFeE56QXdORE0wTkZvd0VURVBNQTBHQTFVRUF4TUdZMnhwClpXNTBNSUlCSWpBTkJna3Foa2lHOXcwQkFRRUZBQU9DQVE4QU1JSUJDZ0tDQVFFQXR2djJPdVpoeDU4dnl3RkYKNnU3WTdlRzJCbU8zaTh2RFRqZXNkK2xEeW9BbWd1cXlDdExUWWE5aGhwNk80akZGMXMzSkpLNlE1SDdLMEV0cQo4LzFqaXdvQXh4MStrWERMQXRLaVpWZ0swZHV1S0dodTRUM3k3dit3R01YTTZCVWl5NHg1YXFuczhhRTNxQkZZClB6Tmd2ZkdYdlBtQ21VdzF6b3JERlN3UDl3YjFuKzRSN2RZN3R2SW1pRXJrSVhDVDhWNUQwb2MzMHltQ00ydVQKM3o1ZEQyMXpRYWh6akNtODY5OVQ0azNDRWpPbFRrK0Q0Z1JBd1N6dXlFK3FDby8rQXZXZzFOa1ZuaHZRMGdqRApRTmdzZ3hXVy9GdTFwVVRUdHdLRGFUc3hGdEo1dXpxWW8rSWZybHlyaDVKSTRYSW8wNDYvbEQ2NHZVdDZSU20vCkR1cGhFUUlEQVFBQm94QXdEakFNQmdOVkhSTUJBZjhFQWpBQU1BMEdDU3FHU0liM0RRRUJDd1VBQTRJQkFRQVcKTGJLMi9NQTlXaUFHSCs3a3cxNXhUSVlBS3RZL25WYXVoS1E1Vy9KbzNKWk9ZNGhtS1huYTE3dGttOHZ3WEZzdQpSZFJWK2hEL1B5SWNLTENGZlpTMmw3VjBwRTF6WlBFQnhwT2tIL0d6cUpLUFBIa3R4VExoNDE2VC9LY3RzNjhMCjRid1JTOFdWeXRBOXE4eDFKOE1tZ2Eyak16Ym9XU0s3U0tQSHlZOE81QTJ5blpZVWlGaGdWVjVLeUtsQkZ2aHQKVWVHRnFVTExPRXhNVUdNaE5pcldoNU5iOXFjWExXYjhxRll5bDY2WXlmZFlHR0tsbjlmTFBieVR6WTJ2UG5NTwppaUgxTVB0Y0d6TDZRRGZlUzhYWDFaZkYxaDR0c0Q3azc4UUZlb29FVm5CRVNmWEEwYlRpSUdvbFVRL2tNRE84CjFBRTFqRnJpQnU5eUlJVnJ3Z3JVCi0tLS0tRU5EIENFUlRJRklDQVRFLS0tLS0K",
                            "master_auth.0.client_certificate_config.#": "0",
                            "master_auth.0.client_key": "LS0tLS1CRUdJTiBSU0EgUFJJVkFURSBLRVktLS0tLQpNSUlFb3dJQkFBS0NBUUVBdHZ2Mk91Wmh4NTh2eXdGRjZ1N1k3ZUcyQm1PM2k4dkRUamVzZCtsRHlvQW1ndXF5CkN0TFRZYTloaHA2TzRqRkYxczNKSks2UTVIN0swRXRxOC8xaml3b0F4eDEra1hETEF0S2laVmdLMGR1dUtHaHUKNFQzeTd2K3dHTVhNNkJVaXk0eDVhcW5zOGFFM3FCRllQek5ndmZHWHZQbUNtVXcxem9yREZTd1A5d2Ixbis0Ugo3ZFk3dHZJbWlFcmtJWENUOFY1RDBvYzMweW1DTTJ1VDN6NWREMjF6UWFoempDbTg2OTlUNGszQ0VqT2xUaytECjRnUkF3U3p1eUUrcUNvLytBdldnMU5rVm5odlEwZ2pEUU5nc2d4V1cvRnUxcFVUVHR3S0RhVHN4RnRKNXV6cVkKbytJZnJseXJoNUpJNFhJbzA0Ni9sRDY0dlV0NlJTbS9EdXBoRVFJREFRQUJBb0lCQUZkYlo1eUw4djlocEdmMgp0aUhvSUVGRTRla2YvdmJxOHRVcktCZmhFWCtoK1lERHVmY0gybW1HMkhqenhvUC9BUGdCSzNkckxYb2dmQVBBCkZaSGhGUDVDYXNla2NaSE90dVNrbVdubmc5YlhXVWdxUDFFaUNaSUhHRk5qVHlVM1BmTE9JQU1IbDdwdGZJd3MKcDZRWWk2VnlxcjNKb29zOEFtNFYrZmRvSDBFUFRRUllCd0pKQXVCb1RXbk10R0RIR2tTRi8zeEhLYUtKdDVTRQp6cHJJMG1LZEVpQTN2L0d3M0hXMG1aTFRjTGxsZWFWdkRWVGxHeUs4ZzBLM3RyUkszeFlHcmwyVWUyVUY4aUpCClQwM3BJcHJZajZVT3NZOHNZNEtWeVlYalI2Z3VrWC9qcGEvWlhrWTFsTGFRcGFaNGdOTWx1aDlOQ0g0OTZZTDMKTzJWcWZXOENnWUVBKzNzekxDQ1FHZjVLYUdXQ3VlanpBNlpNdlJtaVl3Mk1GakFrRGdmSmU3dmN1K05BQlBOQQpsdi9UdzB1d21qckprY3pJTTBSTEpGaG8zWjQxRUYrQ0o1NmVXQlhvMWNqK3lwNVRFZGdSdnJOSkhKOTRySFBWClpOUEZ3M0laOE5aV29zdCtoeWc3RXl0UlFzZVZWUzZ3OEE2N3dFSVlCaDdzdHJCY2ZqMnQvc2NDZ1lFQXVrV3QKNmV0RkNMTnIyTFgwTGZTNjJ5SjJVNW9QN0Y0aHl0TjBtUEkrNFdlWmg5Y1luQU5UWUV3YWZyZ1VNcUdKZ3dSLwp4dVh0WU9VNFFRbFowUUlnMGpVbDVidzRHZlA1U1lvcHdzYzdEODE5Y1RqdGNFZ1FROE9BRW15SGlUdXc5UEwxCkRHS3pWVnBtbUp4RkdjVGNWY2dZdm9CZDcvUkFTWkhQSnhBTktXY0NnWUFKcDQwcllJU251czk0ZW8wdVBmYzIKYUtnQmluNWxkeHV0cm1OejluQ1J3NENSNWdPTExSdUpzSUNjdXNjbzVLRGdiQkF6aDZlcTJZb05HQW5KZXlFdwpERExnQnRkTmZjM3FVWEcyK2FpVXZhVk02QUpsL0h4d3hvQ05KRkJDb3Jmb3dBODNlUi9yZUhwQ0tnOWRtZEZKCkpnZW5OZUplT2NtMHFjaWpRQkx4K1FLQmdRQ3dJWXptSUFuQnhXNFhsMDFSV3hTSWVwaXFTb1g5K2JBNFNpUDUKTHk1WUVvN3hER2wvdEFGVmtBQ0ppK1BGVUV0bnNJeGw5U20xTW1renpmUzRsaXVVdUo2aUVZeDJ0ZVFsTGxoNApqY3lDRDhzcWtTcXF2ZWxyT2VQVEIvNU12RDJDRUcyM2pXaUhMNWpOZXc0MzVKWjNJbUtMVjNQN25kaGYrRmlKClZqc3J4d0tCZ0E0bFJQdlBXeVlYbUtTWHlnS3JmMmxqcnlOV0JDeXhhN3J6clp2QkxyMTBoVU5zVVlpWU81RWIKbHdQaW03cFJScVM1UTBqTVk0ZGVLWWJsQTNqVWd5UzA5ZVQvM0R2NUpqT2dyVThLYVg0NXJYam5qYTV5dFlpOQplclNVM1pLWGl5MTZSRXl2S1RhWTdSaUZsYkFVV2NPOHlQWTFaWTJVMzZIR2lYaDRxTno5Ci0tLS0tRU5EIFJTQSBQUklWQVRFIEtFWS0tLS0tCg==",
                            "master_auth.0.cluster_ca_certificate": "LS0tLS1CRUdJTiBDRVJUSUZJQ0FURS0tLS0tCk1JSURERENDQWZTZ0F3SUJBZ0lSQUpTdmFCbVF1Y055d0dFMTBFRHNPbll3RFFZSktvWklodmNOQVFFTEJRQXcKTHpFdE1Dc0dBMVVFQXhNa1ptTXhNbVkzTnpFdE1qRmpPUzAwWmpkbUxXSXdPV0V0WVdZMU1EWmhPRFUyWldSaQpNQjRYRFRFNU1ERXhOekl6TkRNME5Gb1hEVEkwTURFeE56QXdORE0wTkZvd0x6RXRNQ3NHQTFVRUF4TWtabU14Ck1tWTNOekV0TWpGak9TMDBaamRtTFdJd09XRXRZV1kxTURaaE9EVTJaV1JpTUlJQklqQU5CZ2txaGtpRzl3MEIKQVFFRkFBT0NBUThBTUlJQkNnS0NBUUVBcUs0cHR0K3FXNU1LYVFteGkwc2g0NUF5LzVRTW1BVi9kVWMwb0NweApGMzFmMkxqNFRHdk9mOTlIYU5tSWdtUW1qNm8yOUhFUkE4VndOckUrK1lxT2xqTm1IVmlLTVFtUk9EQUtuUHdVClkxUTZ0MkJqdkwyNGhkTTVxVlhiSlk4clhReXNDQytkTDd1R0daMllxRzQ0QXBLa2JUT2JCKzlVSjNZU24yQ1QKZ3pVaG1wU2NsOEhZRUpxMlNDYStVQUhQRWJrZlEvNFF5dEVmZVRoQVNvMUY3NnltamVKVEsydkthRjdaUUtRawpsRGJ5VWliU2JxQnMyQlJCVzA1dHUvd1J2RUtNZFJyekd3dGZyNHpJcmF2MnBZajh6b3R6L2FaQUlLdjlVa043CklYM1FzQ0hqbnN5MmpjWDNpdG5XWVlna2hjNnMrZ3Y3NlZMQ1c3WmIvUkUrYndJREFRQUJveU13SVRBT0JnTlYKSFE4QkFmOEVCQU1DQWdRd0R3WURWUjBUQVFIL0JBVXdBd0VCL3pBTkJna3Foa2lHOXcwQkFRc0ZBQU9DQVFFQQpldzlhU0RTNGI4YlJadE1udVlSdkJjN3VhWXpQU1BqK0xaMGN5SGJFaE5jRFhhUkN0UzNYVVFFYkw1MFlqTkpSCmdxM25vWmNUT3dROThlcVJaOGhiU2ovVlFzckE4NkFIQkF1WWlZZ3JXZVRlRW1SWkVTSTNJcnVZRWdhVURVekIKNFFOeWFvNEdnNUptSUhJWTNuZW1uTXdUL1BhaXZ1ZTQ0d25GYnJJcTZCV3liNVZvRlRmTDBXYXJQdHFxMHdKbQpJanVaYnprbXlLQzJwZ3BDTzF1d1l6bnBqcHdYT2dNc1FpZHJ1dUx6bkFyNisrSkVrTUVEUkxYZjFXbDUxa3dJClVwZFNzdEtrVy85d3JlNWNsYXA5RXNmQ29MZEt2dWNxTHhUb3kxZDlMaHZUSFBkcHFZdDN5NWJiYnI3T2g2anAKejRxa1VaVkp6UGtuSUN6bWErOG04Zz09Ci0tLS0tRU5EIENFUlRJRklDQVRFLS0tLS0K",
                            "master_auth.0.password": "YysI0MX4zbRrm56G",
                            "master_auth.0.username": "admin",
                            "master_authorized_networks_config.#": "0",
                            "master_ipv4_cidr_block": "",
                            "master_version": "1.10.9-gke.5",
                            "monitoring_service": "monitoring.googleapis.com",
                            "name": "gke-devops-cluster-01",
                            "network": "projects/sandbox-devops-2018/global/networks/default",
                            "network_policy.#": "1",
                            "network_policy.0.enabled": "false",
                            "network_policy.0.provider": "PROVIDER_UNSPECIFIED",
                            "node_config.#": "1",
                            "node_config.0.disk_size_gb": "100",
                            "node_config.0.disk_type": "pd-standard",
                            "node_config.0.guest_accelerator.#": "0",
                            "node_config.0.image_type": "COS",
                            "node_config.0.labels.%": "1",
                            "node_config.0.labels.project": "devops",
                            "node_config.0.local_ssd_count": "0",
                            "node_config.0.machine_type": "f1-micro",
                            "node_config.0.metadata.%": "0",
                            "node_config.0.min_cpu_platform": "",
                            "node_config.0.oauth_scopes.#": "4",
                            "node_config.0.oauth_scopes.1277378754": "https://www.googleapis.com/auth/monitoring",
                            "node_config.0.oauth_scopes.1632638332": "https://www.googleapis.com/auth/devstorage.read_only",
                            "node_config.0.oauth_scopes.172152165": "https://www.googleapis.com/auth/logging.write",
                            "node_config.0.oauth_scopes.299962681": "https://www.googleapis.com/auth/compute",
                            "node_config.0.preemptible": "false",
                            "node_config.0.service_account": "default",
                            "node_config.0.tags.#": "1",
                            "node_config.0.tags.0": "devops",
                            "node_config.0.taint.#": "0",
                            "node_config.0.workload_metadata_config.#": "0",
                            "node_pool.#": "1",
                            "node_pool.0.autoscaling.#": "0",
                            "node_pool.0.initial_node_count": "3",
                            "node_pool.0.instance_group_urls.#": "1",
                            "node_pool.0.instance_group_urls.0": "https://www.googleapis.com/compute/v1/projects/sandbox-devops-2018/zones/europe-west2-b/instanceGroupManagers/gke-gke-devops-cluster-0-default-pool-918a3411-grp",
                            "node_pool.0.management.#": "1",
                            "node_pool.0.management.0.auto_repair": "false",
                            "node_pool.0.management.0.auto_upgrade": "false",
                            "node_pool.0.max_pods_per_node": "0",
                            "node_pool.0.name": "default-pool",
                            "node_pool.0.name_prefix": "",
                            "node_pool.0.node_config.#": "1",
                            "node_pool.0.node_config.0.disk_size_gb": "100",
                            "node_pool.0.node_config.0.disk_type": "pd-standard",
                            "node_pool.0.node_config.0.guest_accelerator.#": "0",
                            "node_pool.0.node_config.0.image_type": "COS",
                            "node_pool.0.node_config.0.labels.%": "1",
                            "node_pool.0.node_config.0.labels.project": "devops",
                            "node_pool.0.node_config.0.local_ssd_count": "0",
                            "node_pool.0.node_config.0.machine_type": "f1-micro",
                            "node_pool.0.node_config.0.metadata.%": "0",
                            "node_pool.0.node_config.0.min_cpu_platform": "",
                            "node_pool.0.node_config.0.oauth_scopes.#": "4",
                            "node_pool.0.node_config.0.oauth_scopes.1277378754": "https://www.googleapis.com/auth/monitoring",
                            "node_pool.0.node_config.0.oauth_scopes.1632638332": "https://www.googleapis.com/auth/devstorage.read_only",
                            "node_pool.0.node_config.0.oauth_scopes.172152165": "https://www.googleapis.com/auth/logging.write",
                            "node_pool.0.node_config.0.oauth_scopes.299962681": "https://www.googleapis.com/auth/compute",
                            "node_pool.0.node_config.0.preemptible": "false",
                            "node_pool.0.node_config.0.service_account": "default",
                            "node_pool.0.node_config.0.tags.#": "1",
                            "node_pool.0.node_config.0.tags.0": "devops",
                            "node_pool.0.node_config.0.taint.#": "0",
                            "node_pool.0.node_config.0.workload_metadata_config.#": "0",
                            "node_pool.0.node_count": "3",
                            "node_pool.0.version": "1.10.9-gke.5",
                            "node_version": "1.10.9-gke.5",
                            "pod_security_policy_config.#": "0",
                            "private_cluster": "false",
                            "private_cluster_config.#": "0",
                            "project": "sandbox-devops-2018",
                            "resource_labels.%": "0",
                            "subnetwork": "projects/sandbox-devops-2018/regions/europe-west2/subnetworks/default",
                            "zone": "europe-west2-b"
                        },
                        "meta": {
                            "e2bfb730-ecaa-11e6-8f88-34363bc7c4c0": {
                                "create": 1800000000000,
                                "delete": 1800000000000,
                                "update": 600000000000
                            },
                            "schema_version": "1"
                        },
                        "tainted": false
                    },
                    "deposed": [],
                    "provider": "provider.google"
                }
            },
            "depends_on": []
        }
    ]
}
